// !$*UTF8*$!
{
	archiveVersion = 1;
	classes = {
	};
	objectVersion = 77;
	objects = {

/* Begin PBXBuildFile section */
		01797473BAFA17608D0D10B2 /* AppModel.swift in Sources */ = {isa = PBXBuildFile; fileRef = 1C5071EF2CBDA7E4C820BECD /* AppModel.swift */; };
		0AEDF9FB3239EA5FAAEA6FAD /* spray-tiovanlley.mp3 in Resources */ = {isa = PBXBuildFile; fileRef = F137770FE4137081344FB5D2 /* spray-tiovanlley.mp3 */; };
		11A35FEAA74AF324B671D298 /* LocationFix.swift in Sources */ = {isa = PBXBuildFile; fileRef = D18390804D85F67FC22F7079 /* LocationFix.swift */; };
		1D12560D3F994001E9C82472 /* PrayerTimes.swift in Sources */ = {isa = PBXBuildFile; fileRef = BBF50A37800F347165833B9A /* PrayerTimes.swift */; };
		1E10C2D4BF3CBE90B210B08A /* Assets.xcassets in Resources */ = {isa = PBXBuildFile; fileRef = AC717E0AEE0F879FD50C8A02 /* Assets.xcassets */; };
		1F6E3C2C8E30530B7DCA524A /* fire-crackle.wav in Resources */ = {isa = PBXBuildFile; fileRef = 7629DCEED6BA19FA77DD7C0C /* fire-crackle.wav */; };
		2110219658D156E3B88AF58C /* BrowserInspector.swift in Sources */ = {isa = PBXBuildFile; fileRef = 79F8058E3A9EECAC0D1899EC /* BrowserInspector.swift */; };
		227690A8DDE69D30E16CBBA9 /* ProgressStore.swift in Sources */ = {isa = PBXBuildFile; fileRef = 816C4D6B72EA675C1123C977 /* ProgressStore.swift */; };
		25DE0CCE72B0BB3086537373 /* SessionController.swift in Sources */ = {isa = PBXBuildFile; fileRef = 2EE633F9C501241BE45D1720 /* SessionController.swift */; };
		2E6E10799B9067742E2ADB96 /* SoundBoard.swift in Sources */ = {isa = PBXBuildFile; fileRef = 38E9C5B865CB8452D5C4434A /* SoundBoard.swift */; };
		36394C1A83FC0415D29A8557 /* StatsBoardView.swift in Sources */ = {isa = PBXBuildFile; fileRef = 169854CFF311FB39FD45EF65 /* StatsBoardView.swift */; };
		3EA37ECAEFC672EA041EC5F7 /* PoseTransition.swift in Sources */ = {isa = PBXBuildFile; fileRef = FE289B54DE74ED940EA7EBD9 /* PoseTransition.swift */; };
		4879136E2BDF8D1A438EF645 /* CharacterView.swift in Sources */ = {isa = PBXBuildFile; fileRef = 11468B4DDDB1D40727AD6D1A /* CharacterView.swift */; };
		55C119A4AF34DABBDDE61134 /* Effects.swift in Sources */ = {isa = PBXBuildFile; fileRef = 8DA5ED7D8201687EF75FE3FB /* Effects.swift */; };
		5CF6A7922EE7F1DFE6700CC7 /* SettingsView.swift in Sources */ = {isa = PBXBuildFile; fileRef = FDA3D9004D4DD22916402797 /* SettingsView.swift */; };
		5D3DE1E642E3938DA6C3188D /* Sparkle in Frameworks */ = {isa = PBXBuildFile; productRef = 9F1A8B46308B038C4DFF6DE7 /* Sparkle */; };
		6A7B0CA1611AC0D8CBEEF13D /* PrayerAPI.swift in Sources */ = {isa = PBXBuildFile; fileRef = C4422C3C7761F41352BE1F2F /* PrayerAPI.swift */; };
		6BAC3D97DE9375151DFDDA02 /* InstalledAppCatalog.swift in Sources */ = {isa = PBXBuildFile; fileRef = ED3C23FDF2DCAFA7ABCCFE10 /* InstalledAppCatalog.swift */; };
		6C642F7C0C383AEF372F76C1 /* ProgressBoardView.swift in Sources */ = {isa = PBXBuildFile; fileRef = ABB343AEC2BD64757EAEA7BF /* ProgressBoardView.swift */; };
		70333BC9CB71A34535273C98 /* BreakView.swift in Sources */ = {isa = PBXBuildFile; fileRef = C2C207C9F7C95B35FEA5A9F2 /* BreakView.swift */; };
		7ADA4EF5308600C8AA34207F /* switch-click.wav in Resources */ = {isa = PBXBuildFile; fileRef = 86986B5D155C2402A2EB1A45 /* switch-click.wav */; };
		7E7DC0F31294083BBC6053FD /* salah-chime.wav in Resources */ = {isa = PBXBuildFile; fileRef = 32D48A3FC9BCD7892EC0B4C0 /* salah-chime.wav */; };
		80B6EE24A053CB77F4E64C7E /* NewSessionView.swift in Sources */ = {isa = PBXBuildFile; fileRef = 5BA1ABFF18887CC15521DE31 /* NewSessionView.swift */; };
		84CE27CA5E1B21958AA630F5 /* scold-blip.wav in Resources */ = {isa = PBXBuildFile; fileRef = 3981E8D9F74D802DDD356EDA /* scold-blip.wav */; };
		8FBC2E27EEB7D437CD3935FA /* Companion.swift in Sources */ = {isa = PBXBuildFile; fileRef = E60AC7C093D3DA0ECCD5D9F4 /* Companion.swift */; };
		93B68BD932EF568255D743EC /* OverlayWindow.swift in Sources */ = {isa = PBXBuildFile; fileRef = 3CE9481CCF08AF8ACD6EC290 /* OverlayWindow.swift */; };
		9BCC80E2A098E6031023D741 /* SalahWatch.swift in Sources */ = {isa = PBXBuildFile; fileRef = 96670B8BC6964885BD66471A /* SalahWatch.swift */; };
		A41D36C1BE932AF347188C4C /* MenuBarView.swift in Sources */ = {isa = PBXBuildFile; fileRef = 0B5D64ACF56E8668EDF91253 /* MenuBarView.swift */; };
		A702E322FDE12B7C26289BE0 /* Preferences.swift in Sources */ = {isa = PBXBuildFile; fileRef = E3B9056880351664564798DF /* Preferences.swift */; };
		B3E95CDC72D55F097E212456 /* Models.swift in Sources */ = {isa = PBXBuildFile; fileRef = 6AB298380F5FF97FE7CBEEF1 /* Models.swift */; };
		B481E902E48167CAEC939D25 /* fire-maxhammarback.mp3 in Resources */ = {isa = PBXBuildFile; fileRef = 1B3A83C537155459845FAD1A /* fire-maxhammarback.mp3 */; };
		B52097DE346B923217306806 /* DistractionMonitor.swift in Sources */ = {isa = PBXBuildFile; fileRef = FE1CFC5749AC79C3FD41DF64 /* DistractionMonitor.swift */; };
		B96717BE9A384E94B86AF396 /* paper-notes.wav in Resources */ = {isa = PBXBuildFile; fileRef = BAD57F15EE5A0EC7B4349DCC /* paper-notes.wav */; };
		BA5D626031023F7E5FBEE2C7 /* TimerChipView.swift in Sources */ = {isa = PBXBuildFile; fileRef = E2ABB2139B063463C9908C69 /* TimerChipView.swift */; };
		BFF0DE2F4213F62748A61A8C /* SpeechLines.swift in Sources */ = {isa = PBXBuildFile; fileRef = C9A17D5C9ACEB5220C859E73 /* SpeechLines.swift */; };
		C0B0B1B8BCC4E53A9EB68B2C /* HomeView.swift in Sources */ = {isa = PBXBuildFile; fileRef = 4120EB11C81D468FAD8F4BCA /* HomeView.swift */; };
		C61AF8E60E32A3A907355D57 /* Palette.swift in Sources */ = {isa = PBXBuildFile; fileRef = 32C9B99D6CD539583D26D06A /* Palette.swift */; };
		CBBFA805A0889045BE93E2E6 /* CharacterBrain.swift in Sources */ = {isa = PBXBuildFile; fileRef = 961EA60B9024D2F679C01644 /* CharacterBrain.swift */; };
		D6BC05FE773878C82C4DC7D6 /* BreakActivity.swift in Sources */ = {isa = PBXBuildFile; fileRef = 0D914C8E09DA32B69AB8333A /* BreakActivity.swift */; };
		D98617D7BA187376C54B1406 /* SalahNotifier.swift in Sources */ = {isa = PBXBuildFile; fileRef = 817F3E7C80AF20DA9E14230C /* SalahNotifier.swift */; };
		DDCF40EAA1B71BF7AED3DB38 /* light-switch-dragon.mp3 in Resources */ = {isa = PBXBuildFile; fileRef = E3E2033C67177FF48C9C6D3B /* light-switch-dragon.mp3 */; };
		E01339D3D8794A3B9A993CDE /* SetupView.swift in Sources */ = {isa = PBXBuildFile; fileRef = 38EE2C40D05B325486190BCF /* SetupView.swift */; };
		F09DDC49D2482F40D391D576 /* OverlayRootView.swift in Sources */ = {isa = PBXBuildFile; fileRef = AA6DDD1DBCEBF27DDFF58B8F /* OverlayRootView.swift */; };
		F20E8B4650C43C77C0FA6544 /* UpdaterController.swift in Sources */ = {isa = PBXBuildFile; fileRef = 370B2A828428CBA339E85EB6 /* UpdaterController.swift */; };
		F522672F4915379592983475 /* QasimApp.swift in Sources */ = {isa = PBXBuildFile; fileRef = D18A67FB57FA310954DB6E0A /* QasimApp.swift */; };
/* End PBXBuildFile section */

/* Begin PBXFileReference section */
		0B5D64ACF56E8668EDF91253 /* MenuBarView.swift */ = {isa = PBXFileReference; lastKnownFileType = sourcecode.swift; path = MenuBarView.swift; sourceTree = "<group>"; };
		0D914C8E09DA32B69AB8333A /* BreakActivity.swift */ = {isa = PBXFileReference; lastKnownFileType = sourcecode.swift; path = BreakActivity.swift; sourceTree = "<group>"; };
		0DE519D5F9644F526CBF7C12 /* Info.plist */ = {isa = PBXFileReference; lastKnownFileType = text.plist; path = Info.plist; sourceTree = "<group>"; };
		11468B4DDDB1D40727AD6D1A /* CharacterView.swift */ = {isa = PBXFileReference; lastKnownFileType = sourcecode.swift; path = CharacterView.swift; sourceTree = "<group>"; };
		169854CFF311FB39FD45EF65 /* StatsBoardView.swift */ = {isa = PBXFileReference; lastKnownFileType = sourcecode.swift; path = StatsBoardView.swift; sourceTree = "<group>"; };
		1B3A83C537155459845FAD1A /* fire-maxhammarback.mp3 */ = {isa = PBXFileReference; lastKnownFileType = audio.mp3; path = "fire-maxhammarback.mp3"; sourceTree = "<group>"; };
		1C5071EF2CBDA7E4C820BECD /* AppModel.swift */ = {isa = PBXFileReference; lastKnownFileType = sourcecode.swift; path = AppModel.swift; sourceTree = "<group>"; };
		2EE633F9C501241BE45D1720 /* SessionController.swift */ = {isa = PBXFileReference; lastKnownFileType = sourcecode.swift; path = SessionController.swift; sourceTree = "<group>"; };
		32C9B99D6CD539583D26D06A /* Palette.swift */ = {isa = PBXFileReference; lastKnownFileType = sourcecode.swift; path = Palette.swift; sourceTree = "<group>"; };
		32D48A3FC9BCD7892EC0B4C0 /* salah-chime.wav */ = {isa = PBXFileReference; lastKnownFileType = audio.wav; path = "salah-chime.wav"; sourceTree = "<group>"; };
		370B2A828428CBA339E85EB6 /* UpdaterController.swift */ = {isa = PBXFileReference; lastKnownFileType = sourcecode.swift; path = UpdaterController.swift; sourceTree = "<group>"; };
		38E9C5B865CB8452D5C4434A /* SoundBoard.swift */ = {isa = PBXFileReference; lastKnownFileType = sourcecode.swift; path = SoundBoard.swift; sourceTree = "<group>"; };
		38EE2C40D05B325486190BCF /* SetupView.swift */ = {isa = PBXFileReference; lastKnownFileType = sourcecode.swift; path = SetupView.swift; sourceTree = "<group>"; };
		3981E8D9F74D802DDD356EDA /* scold-blip.wav */ = {isa = PBXFileReference; lastKnownFileType = audio.wav; path = "scold-blip.wav"; sourceTree = "<group>"; };
		3CE9481CCF08AF8ACD6EC290 /* OverlayWindow.swift */ = {isa = PBXFileReference; lastKnownFileType = sourcecode.swift; path = OverlayWindow.swift; sourceTree = "<group>"; };
		4120EB11C81D468FAD8F4BCA /* HomeView.swift */ = {isa = PBXFileReference; lastKnownFileType = sourcecode.swift; path = HomeView.swift; sourceTree = "<group>"; };
		5BA1ABFF18887CC15521DE31 /* NewSessionView.swift */ = {isa = PBXFileReference; lastKnownFileType = sourcecode.swift; path = NewSessionView.swift; sourceTree = "<group>"; };
		6AB298380F5FF97FE7CBEEF1 /* Models.swift */ = {isa = PBXFileReference; lastKnownFileType = sourcecode.swift; path = Models.swift; sourceTree = "<group>"; };
		7629DCEED6BA19FA77DD7C0C /* fire-crackle.wav */ = {isa = PBXFileReference; lastKnownFileType = audio.wav; path = "fire-crackle.wav"; sourceTree = "<group>"; };
		79F8058E3A9EECAC0D1899EC /* BrowserInspector.swift */ = {isa = PBXFileReference; lastKnownFileType = sourcecode.swift; path = BrowserInspector.swift; sourceTree = "<group>"; };
		816C4D6B72EA675C1123C977 /* ProgressStore.swift */ = {isa = PBXFileReference; lastKnownFileType = sourcecode.swift; path = ProgressStore.swift; sourceTree = "<group>"; };
		817F3E7C80AF20DA9E14230C /* SalahNotifier.swift */ = {isa = PBXFileReference; lastKnownFileType = sourcecode.swift; path = SalahNotifier.swift; sourceTree = "<group>"; };
		86986B5D155C2402A2EB1A45 /* switch-click.wav */ = {isa = PBXFileReference; lastKnownFileType = audio.wav; path = "switch-click.wav"; sourceTree = "<group>"; };
		8DA5ED7D8201687EF75FE3FB /* Effects.swift */ = {isa = PBXFileReference; lastKnownFileType = sourcecode.swift; path = Effects.swift; sourceTree = "<group>"; };
		9046A1E866AE52EFD3959FE0 /* Qasim.app */ = {isa = PBXFileReference; explicitFileType = wrapper.application; includeInIndex = 0; path = Qasim.app; sourceTree = BUILT_PRODUCTS_DIR; };
		961EA60B9024D2F679C01644 /* CharacterBrain.swift */ = {isa = PBXFileReference; lastKnownFileType = sourcecode.swift; path = CharacterBrain.swift; sourceTree = "<group>"; };
		96670B8BC6964885BD66471A /* SalahWatch.swift */ = {isa = PBXFileReference; lastKnownFileType = sourcecode.swift; path = SalahWatch.swift; sourceTree = "<group>"; };
		AA6DDD1DBCEBF27DDFF58B8F /* OverlayRootView.swift */ = {isa = PBXFileReference; lastKnownFileType = sourcecode.swift; path = OverlayRootView.swift; sourceTree = "<group>"; };
		ABB343AEC2BD64757EAEA7BF /* ProgressBoardView.swift */ = {isa = PBXFileReference; lastKnownFileType = sourcecode.swift; path = ProgressBoardView.swift; sourceTree = "<group>"; };
		AC717E0AEE0F879FD50C8A02 /* Assets.xcassets */ = {isa = PBXFileReference; lastKnownFileType = folder.assetcatalog; path = Assets.xcassets; sourceTree = "<group>"; };
		BAD57F15EE5A0EC7B4349DCC /* paper-notes.wav */ = {isa = PBXFileReference; lastKnownFileType = audio.wav; path = "paper-notes.wav"; sourceTree = "<group>"; };
		BBF50A37800F347165833B9A /* PrayerTimes.swift */ = {isa = PBXFileReference; lastKnownFileType = sourcecode.swift; path = PrayerTimes.swift; sourceTree = "<group>"; };
		C2C207C9F7C95B35FEA5A9F2 /* BreakView.swift */ = {isa = PBXFileReference; lastKnownFileType = sourcecode.swift; path = BreakView.swift; sourceTree = "<group>"; };
		C4422C3C7761F41352BE1F2F /* PrayerAPI.swift */ = {isa = PBXFileReference; lastKnownFileType = sourcecode.swift; path = PrayerAPI.swift; sourceTree = "<group>"; };
		C9A17D5C9ACEB5220C859E73 /* SpeechLines.swift */ = {isa = PBXFileReference; lastKnownFileType = sourcecode.swift; path = SpeechLines.swift; sourceTree = "<group>"; };
		D18390804D85F67FC22F7079 /* LocationFix.swift */ = {isa = PBXFileReference; lastKnownFileType = sourcecode.swift; path = LocationFix.swift; sourceTree = "<group>"; };
		D18A67FB57FA310954DB6E0A /* QasimApp.swift */ = {isa = PBXFileReference; lastKnownFileType = sourcecode.swift; path = QasimApp.swift; sourceTree = "<group>"; };
		E2ABB2139B063463C9908C69 /* TimerChipView.swift */ = {isa = PBXFileReference; lastKnownFileType = sourcecode.swift; path = TimerChipView.swift; sourceTree = "<group>"; };
		E3B9056880351664564798DF /* Preferences.swift */ = {isa = PBXFileReference; lastKnownFileType = sourcecode.swift; path = Preferences.swift; sourceTree = "<group>"; };
		E3E2033C67177FF48C9C6D3B /* light-switch-dragon.mp3 */ = {isa = PBXFileReference; lastKnownFileType = audio.mp3; path = "light-switch-dragon.mp3"; sourceTree = "<group>"; };
		E60AC7C093D3DA0ECCD5D9F4 /* Companion.swift */ = {isa = PBXFileReference; lastKnownFileType = sourcecode.swift; path = Companion.swift; sourceTree = "<group>"; };
		ED3C23FDF2DCAFA7ABCCFE10 /* InstalledAppCatalog.swift */ = {isa = PBXFileReference; lastKnownFileType = sourcecode.swift; path = InstalledAppCatalog.swift; sourceTree = "<group>"; };
		EFE176C74B9C48FF104768F7 /* Qasim.entitlements */ = {isa = PBXFileReference; lastKnownFileType = text.plist.entitlements; path = Qasim.entitlements; sourceTree = "<group>"; };
		F137770FE4137081344FB5D2 /* spray-tiovanlley.mp3 */ = {isa = PBXFileReference; lastKnownFileType = audio.mp3; path = "spray-tiovanlley.mp3"; sourceTree = "<group>"; };
		FDA3D9004D4DD22916402797 /* SettingsView.swift */ = {isa = PBXFileReference; lastKnownFileType = sourcecode.swift; path = SettingsView.swift; sourceTree = "<group>"; };
		FE1CFC5749AC79C3FD41DF64 /* DistractionMonitor.swift */ = {isa = PBXFileReference; lastKnownFileType = sourcecode.swift; path = DistractionMonitor.swift; sourceTree = "<group>"; };
		FE289B54DE74ED940EA7EBD9 /* PoseTransition.swift */ = {isa = PBXFileReference; lastKnownFileType = sourcecode.swift; path = PoseTransition.swift; sourceTree = "<group>"; };
/* End PBXFileReference section */

/* Begin PBXFrameworksBuildPhase section */
		DD8724FA9A797EDA5D9172E7 /* Frameworks */ = {
			isa = PBXFrameworksBuildPhase;
			buildActionMask = 2147483647;
			files = (
				5D3DE1E642E3938DA6C3188D /* Sparkle in Frameworks */,
			);
			runOnlyForDeploymentPostprocessing = 0;
		};
/* End PBXFrameworksBuildPhase section */

/* Begin PBXGroup section */
		07524E1F43DC5E481BCB8153 /* Sounds */ = {
			isa = PBXGroup;
			children = (
				7629DCEED6BA19FA77DD7C0C /* fire-crackle.wav */,
				1B3A83C537155459845FAD1A /* fire-maxhammarback.mp3 */,
				E3E2033C67177FF48C9C6D3B /* light-switch-dragon.mp3 */,
				BAD57F15EE5A0EC7B4349DCC /* paper-notes.wav */,
				32D48A3FC9BCD7892EC0B4C0 /* salah-chime.wav */,
				3981E8D9F74D802DDD356EDA /* scold-blip.wav */,
				F137770FE4137081344FB5D2 /* spray-tiovanlley.mp3 */,
				86986B5D155C2402A2EB1A45 /* switch-click.wav */,
			);
			path = Sounds;
			sourceTree = "<group>";
		};
		0B56AC1503F3BE774AB743D1 /* Qasim */ = {
			isa = PBXGroup;
			children = (
				EF85C72347728444F01D7881 /* App */,
				13FA0AAAAB9EEF170123850C /* Audio */,
				4B8E8DE881986AF51BE720EC /* Break */,
				3A24988CDF573DD8F444EBF4 /* Character */,
				B8B5CFDCCE116BE4F9ACD070 /* Menu */,
				D6F00165A5B9FBD42B592AEE /* Overlay */,
				C8629840E82FEB0EFD6F4BA3 /* Progress */,
				0EFDE902C83728FBA58EC044 /* Resources */,
				ADC0F536E0197B5FE79FF55C /* Salah */,
				FFDF34ECCF710ABF11A2E5A4 /* Session */,
				97E4CC0F393429556A8CE7F9 /* Settings */,
				0E08E42CDF5D61725F42D18F /* Setup */,
				879AA6F83ED5FCBBB883600A /* Theme */,
				0DE519D5F9644F526CBF7C12 /* Info.plist */,
				EFE176C74B9C48FF104768F7 /* Qasim.entitlements */,
				D18A67FB57FA310954DB6E0A /* QasimApp.swift */,
			);
			path = Qasim;
			sourceTree = "<group>";
		};
		0E08E42CDF5D61725F42D18F /* Setup */ = {
			isa = PBXGroup;
			children = (
				4120EB11C81D468FAD8F4BCA /* HomeView.swift */,
				5BA1ABFF18887CC15521DE31 /* NewSessionView.swift */,
				38EE2C40D05B325486190BCF /* SetupView.swift */,
			);
			path = Setup;
			sourceTree = "<group>";
		};
		0EFDE902C83728FBA58EC044 /* Resources */ = {
			isa = PBXGroup;
			children = (
				07524E1F43DC5E481BCB8153 /* Sounds */,
				AC717E0AEE0F879FD50C8A02 /* Assets.xcassets */,
			);
			path = Resources;
			sourceTree = "<group>";
		};
		13FA0AAAAB9EEF170123850C /* Audio */ = {
			isa = PBXGroup;
			children = (
				38E9C5B865CB8452D5C4434A /* SoundBoard.swift */,
			);
			path = Audio;
			sourceTree = "<group>";
		};
		337D1D883A6D0DC01E9F5D2D = {
			isa = PBXGroup;
			children = (
				0B56AC1503F3BE774AB743D1 /* Qasim */,
				B88D8949FD3EDD9E293EDDBB /* Products */,
			);
			sourceTree = "<group>";
		};
		3A24988CDF573DD8F444EBF4 /* Character */ = {
			isa = PBXGroup;
			children = (
				0D914C8E09DA32B69AB8333A /* BreakActivity.swift */,
				961EA60B9024D2F679C01644 /* CharacterBrain.swift */,
				11468B4DDDB1D40727AD6D1A /* CharacterView.swift */,
				E60AC7C093D3DA0ECCD5D9F4 /* Companion.swift */,
				FE289B54DE74ED940EA7EBD9 /* PoseTransition.swift */,
				C9A17D5C9ACEB5220C859E73 /* SpeechLines.swift */,
			);
			path = Character;
			sourceTree = "<group>";
		};
		4B8E8DE881986AF51BE720EC /* Break */ = {
			isa = PBXGroup;
			children = (
				C2C207C9F7C95B35FEA5A9F2 /* BreakView.swift */,
			);
			path = Break;
			sourceTree = "<group>";
		};
		879AA6F83ED5FCBBB883600A /* Theme */ = {
			isa = PBXGroup;
			children = (
				32C9B99D6CD539583D26D06A /* Palette.swift */,
			);
			path = Theme;
			sourceTree = "<group>";
		};
		97E4CC0F393429556A8CE7F9 /* Settings */ = {
			isa = PBXGroup;
			children = (
				FDA3D9004D4DD22916402797 /* SettingsView.swift */,
			);
			path = Settings;
			sourceTree = "<group>";
		};
		ADC0F536E0197B5FE79FF55C /* Salah */ = {
			isa = PBXGroup;
			children = (
				D18390804D85F67FC22F7079 /* LocationFix.swift */,
				C4422C3C7761F41352BE1F2F /* PrayerAPI.swift */,
				BBF50A37800F347165833B9A /* PrayerTimes.swift */,
				817F3E7C80AF20DA9E14230C /* SalahNotifier.swift */,
				96670B8BC6964885BD66471A /* SalahWatch.swift */,
			);
			path = Salah;
			sourceTree = "<group>";
		};
		B88D8949FD3EDD9E293EDDBB /* Products */ = {
			isa = PBXGroup;
			children = (
				9046A1E866AE52EFD3959FE0 /* Qasim.app */,
			);
			name = Products;
			sourceTree = "<group>";
		};
		B8B5CFDCCE116BE4F9ACD070 /* Menu */ = {
			isa = PBXGroup;
			children = (
				0B5D64ACF56E8668EDF91253 /* MenuBarView.swift */,
			);
			path = Menu;
			sourceTree = "<group>";
		};
		C8629840E82FEB0EFD6F4BA3 /* Progress */ = {
			isa = PBXGroup;
			children = (
				ABB343AEC2BD64757EAEA7BF /* ProgressBoardView.swift */,
				169854CFF311FB39FD45EF65 /* StatsBoardView.swift */,
			);
			path = Progress;
			sourceTree = "<group>";
		};
		D6F00165A5B9FBD42B592AEE /* Overlay */ = {
			isa = PBXGroup;
			children = (
				8DA5ED7D8201687EF75FE3FB /* Effects.swift */,
				AA6DDD1DBCEBF27DDFF58B8F /* OverlayRootView.swift */,
				3CE9481CCF08AF8ACD6EC290 /* OverlayWindow.swift */,
				E2ABB2139B063463C9908C69 /* TimerChipView.swift */,
			);
			path = Overlay;
			sourceTree = "<group>";
		};
		EF85C72347728444F01D7881 /* App */ = {
			isa = PBXGroup;
			children = (
				1C5071EF2CBDA7E4C820BECD /* AppModel.swift */,
				370B2A828428CBA339E85EB6 /* UpdaterController.swift */,
			);
			path = App;
			sourceTree = "<group>";
		};
		FFDF34ECCF710ABF11A2E5A4 /* Session */ = {
			isa = PBXGroup;
			children = (
				79F8058E3A9EECAC0D1899EC /* BrowserInspector.swift */,
				FE1CFC5749AC79C3FD41DF64 /* DistractionMonitor.swift */,
				ED3C23FDF2DCAFA7ABCCFE10 /* InstalledAppCatalog.swift */,
				6AB298380F5FF97FE7CBEEF1 /* Models.swift */,
				E3B9056880351664564798DF /* Preferences.swift */,
				816C4D6B72EA675C1123C977 /* ProgressStore.swift */,
				2EE633F9C501241BE45D1720 /* SessionController.swift */,
			);
			path = Session;
			sourceTree = "<group>";
		};
/* End PBXGroup section */

/* Begin PBXNativeTarget section */
		357AD990A6A7E42C746624EE /* Qasim */ = {
			isa = PBXNativeTarget;
			buildConfigurationList = 569F794AF36B1E1070688C53 /* Build configuration list for PBXNativeTarget "Qasim" */;
			buildPhases = (
				24B948EFD826C01DD593DC8B /* Sources */,
				DD6999D8883104FB275BA553 /* Resources */,
				DD8724FA9A797EDA5D9172E7 /* Frameworks */,
			);
			buildRules = (
			);
			dependencies = (
			);
			name = Qasim;
			packageProductDependencies = (
				9F1A8B46308B038C4DFF6DE7 /* Sparkle */,
			);
			productName = Qasim;
			productReference = 9046A1E866AE52EFD3959FE0 /* Qasim.app */;
			productType = "com.apple.product-type.application";
		};
/* End PBXNativeTarget section */

/* Begin PBXProject section */
		332E5BCCD988D0863D785CE0 /* Project object */ = {
			isa = PBXProject;
			attributes = {
				BuildIndependentTargetsInParallel = YES;
				LastUpgradeCheck = 1430;
				TargetAttributes = {
					357AD990A6A7E42C746624EE = {
						DevelopmentTeam = 7756PBXM2X;
						ProvisioningStyle = Automatic;
					};
				};
			};
			buildConfigurationList = 2F95FBB64D59539FF4CDB996 /* Build configuration list for PBXProject "Qasim" */;
			developmentRegion = en;
			hasScannedForEncodings = 0;
			knownRegions = (
				Base,
				en,
			);
			mainGroup = 337D1D883A6D0DC01E9F5D2D;
			minimizedProjectReferenceProxies = 1;
			packageReferences = (
				E0DD4F54248C1A039E0F4125 /* XCRemoteSwiftPackageReference "Sparkle" */,
			);
			preferredProjectObjectVersion = 77;
			productRefGroup = B88D8949FD3EDD9E293EDDBB /* Products */;
			projectDirPath = "";
			projectRoot = "";
			targets = (
				357AD990A6A7E42C746624EE /* Qasim */,
			);
		};
/* End PBXProject section */

/* Begin PBXResourcesBuildPhase section */
		DD6999D8883104FB275BA553 /* Resources */ = {
			isa = PBXResourcesBuildPhase;
			buildActionMask = 2147483647;
			files = (
				1E10C2D4BF3CBE90B210B08A /* Assets.xcassets in Resources */,
				1F6E3C2C8E30530B7DCA524A /* fire-crackle.wav in Resources */,
				B481E902E48167CAEC939D25 /* fire-maxhammarback.mp3 in Resources */,
				DDCF40EAA1B71BF7AED3DB38 /* light-switch-dragon.mp3 in Resources */,
				B96717BE9A384E94B86AF396 /* paper-notes.wav in Resources */,
				7E7DC0F31294083BBC6053FD /* salah-chime.wav in Resources */,
				84CE27CA5E1B21958AA630F5 /* scold-blip.wav in Resources */,
				0AEDF9FB3239EA5FAAEA6FAD /* spray-tiovanlley.mp3 in Resources */,
				7ADA4EF5308600C8AA34207F /* switch-click.wav in Resources */,
			);
			runOnlyForDeploymentPostprocessing = 0;
		};
/* End PBXResourcesBuildPhase section */

/* Begin PBXSourcesBuildPhase section */
		24B948EFD826C01DD593DC8B /* Sources */ = {
			isa = PBXSourcesBuildPhase;
			buildActionMask = 2147483647;
			files = (
				01797473BAFA17608D0D10B2 /* AppModel.swift in Sources */,
				D6BC05FE773878C82C4DC7D6 /* BreakActivity.swift in Sources */,
				70333BC9CB71A34535273C98 /* BreakView.swift in Sources */,
				2110219658D156E3B88AF58C /* BrowserInspector.swift in Sources */,
				CBBFA805A0889045BE93E2E6 /* CharacterBrain.swift in Sources */,
				4879136E2BDF8D1A438EF645 /* CharacterView.swift in Sources */,
				8FBC2E27EEB7D437CD3935FA /* Companion.swift in Sources */,
				B52097DE346B923217306806 /* DistractionMonitor.swift in Sources */,
				55C119A4AF34DABBDDE61134 /* Effects.swift in Sources */,
				C0B0B1B8BCC4E53A9EB68B2C /* HomeView.swift in Sources */,
				6BAC3D97DE9375151DFDDA02 /* InstalledAppCatalog.swift in Sources */,
				11A35FEAA74AF324B671D298 /* LocationFix.swift in Sources */,
				A41D36C1BE932AF347188C4C /* MenuBarView.swift in Sources */,
				B3E95CDC72D55F097E212456 /* Models.swift in Sources */,
				80B6EE24A053CB77F4E64C7E /* NewSessionView.swift in Sources */,
				F09DDC49D2482F40D391D576 /* OverlayRootView.swift in Sources */,
				93B68BD932EF568255D743EC /* OverlayWindow.swift in Sources */,
				C61AF8E60E32A3A907355D57 /* Palette.swift in Sources */,
				3EA37ECAEFC672EA041EC5F7 /* PoseTransition.swift in Sources */,
				6A7B0CA1611AC0D8CBEEF13D /* PrayerAPI.swift in Sources */,
				1D12560D3F994001E9C82472 /* PrayerTimes.swift in Sources */,
				A702E322FDE12B7C26289BE0 /* Preferences.swift in Sources */,
				6C642F7C0C383AEF372F76C1 /* ProgressBoardView.swift in Sources */,
				227690A8DDE69D30E16CBBA9 /* ProgressStore.swift in Sources */,
				F522672F4915379592983475 /* QasimApp.swift in Sources */,
				D98617D7BA187376C54B1406 /* SalahNotifier.swift in Sources */,
				9BCC80E2A098E6031023D741 /* SalahWatch.swift in Sources */,
				25DE0CCE72B0BB3086537373 /* SessionController.swift in Sources */,
				5CF6A7922EE7F1DFE6700CC7 /* SettingsView.swift in Sources */,
				E01339D3D8794A3B9A993CDE /* SetupView.swift in Sources */,
				2E6E10799B9067742E2ADB96 /* SoundBoard.swift in Sources */,
				BFF0DE2F4213F62748A61A8C /* SpeechLines.swift in Sources */,
				36394C1A83FC0415D29A8557 /* StatsBoardView.swift in Sources */,
				BA5D626031023F7E5FBEE2C7 /* TimerChipView.swift in Sources */,
				F20E8B4650C43C77C0FA6544 /* UpdaterController.swift in Sources */,
			);
			runOnlyForDeploymentPostprocessing = 0;
		};
/* End PBXSourcesBuildPhase section */

/* Begin XCBuildConfiguration section */
		33DD130D9FFB62AC4C73FE33 /* Release */ = {
			isa = XCBuildConfiguration;
			buildSettings = {
				ALWAYS_SEARCH_USER_PATHS = NO;
				CLANG_ANALYZER_NONNULL = YES;
				CLANG_ANALYZER_NUMBER_OBJECT_CONVERSION = YES_AGGRESSIVE;
				CLANG_CXX_LANGUAGE_STANDARD = "gnu++14";
				CLANG_CXX_LIBRARY = "libc++";
				CLANG_ENABLE_MODULES = YES;
				CLANG_ENABLE_OBJC_ARC = YES;
				CLANG_ENABLE_OBJC_WEAK = YES;
				CLANG_WARN_BLOCK_CAPTURE_AUTORELEASING = YES;
				CLANG_WARN_BOOL_CONVERSION = YES;
				CLANG_WARN_COMMA = YES;
				CLANG_WARN_CONSTANT_CONVERSION = YES;
				CLANG_WARN_DEPRECATED_OBJC_IMPLEMENTATIONS = YES;
				CLANG_WARN_DIRECT_OBJC_ISA_USAGE = YES_ERROR;
				CLANG_WARN_DOCUMENTATION_COMMENTS = YES;
				CLANG_WARN_EMPTY_BODY = YES;
				CLANG_WARN_ENUM_CONVERSION = YES;
				CLANG_WARN_INFINITE_RECURSION = YES;
				CLANG_WARN_INT_CONVERSION = YES;
				CLANG_WARN_NON_LITERAL_NULL_CONVERSION = YES;
				CLANG_WARN_OBJC_IMPLICIT_RETAIN_SELF = YES;
				CLANG_WARN_OBJC_LITERAL_CONVERSION = YES;
				CLANG_WARN_OBJC_ROOT_CLASS = YES_ERROR;
				CLANG_WARN_QUOTED_INCLUDE_IN_FRAMEWORK_HEADER = YES;
				CLANG_WARN_RANGE_LOOP_ANALYSIS = YES;
				CLANG_WARN_STRICT_PROTOTYPES = YES;
				CLANG_WARN_SUSPICIOUS_MOVE = YES;
				CLANG_WARN_UNGUARDED_AVAILABILITY = YES_AGGRESSIVE;
				CLANG_WARN_UNREACHABLE_CODE = YES;
				CLANG_WARN__DUPLICATE_METHOD_MATCH = YES;
				COPY_PHASE_STRIP = NO;
				DEBUG_INFORMATION_FORMAT = "dwarf-with-dsym";
				ENABLE_NS_ASSERTIONS = NO;
				ENABLE_STRICT_OBJC_MSGSEND = YES;
				GCC_C_LANGUAGE_STANDARD = gnu11;
				GCC_NO_COMMON_BLOCKS = YES;
				GCC_WARN_64_TO_32_BIT_CONVERSION = YES;
				GCC_WARN_ABOUT_RETURN_TYPE = YES_ERROR;
				GCC_WARN_UNDECLARED_SELECTOR = YES;
				GCC_WARN_UNINITIALIZED_AUTOS = YES_AGGRESSIVE;
				GCC_WARN_UNUSED_FUNCTION = YES;
				GCC_WARN_UNUSED_VARIABLE = YES;
				MACOSX_DEPLOYMENT_TARGET = 14.0;
				MTL_ENABLE_DEBUG_INFO = NO;
				MTL_FAST_MATH = YES;
				PRODUCT_NAME = "$(TARGET_NAME)";
				SDKROOT = macosx;
				SWIFT_COMPILATION_MODE = wholemodule;
				SWIFT_OPTIMIZATION_LEVEL = "-O";
				SWIFT_STRICT_CONCURRENCY = targeted;
				SWIFT_VERSION = 6.0;
			};
			name = Release;
		};
		489B87A35C7E07534DAC4DDA /* Release */ = {
			isa = XCBuildConfiguration;
			buildSettings = {
				ASSETCATALOG_COMPILER_APPICON_NAME = AppIcon;
				CODE_SIGN_ENTITLEMENTS = Qasim/Qasim.entitlements;
				CODE_SIGN_STYLE = Automatic;
				COMBINE_HIDPI_IMAGES = YES;
				DEVELOPMENT_TEAM = 7756PBXM2X;
				ENABLE_HARDENED_RUNTIME = YES;
				GENERATE_INFOPLIST_FILE = NO;
				INFOPLIST_FILE = Qasim/Info.plist;
				LD_RUNPATH_SEARCH_PATHS = (
					"$(inherited)",
					"@executable_path/../Frameworks",
				);
				PRODUCT_BUNDLE_IDENTIFIER = computer.qasim.app;
				PRODUCT_NAME = Qasim;
				SDKROOT = macosx;
			};
			name = Release;
		};
		BAF9AFF1ACE8D1F434F97D24 /* Debug */ = {
			isa = XCBuildConfiguration;
			buildSettings = {
				ALWAYS_SEARCH_USER_PATHS = NO;
				CLANG_ANALYZER_NONNULL = YES;
				CLANG_ANALYZER_NUMBER_OBJECT_CONVERSION = YES_AGGRESSIVE;
				CLANG_CXX_LANGUAGE_STANDARD = "gnu++14";
				CLANG_CXX_LIBRARY = "libc++";
				CLANG_ENABLE_MODULES = YES;
				CLANG_ENABLE_OBJC_ARC = YES;
				CLANG_ENABLE_OBJC_WEAK = YES;
				CLANG_WARN_BLOCK_CAPTURE_AUTORELEASING = YES;
				CLANG_WARN_BOOL_CONVERSION = YES;
				CLANG_WARN_COMMA = YES;
				CLANG_WARN_CONSTANT_CONVERSION = YES;
				CLANG_WARN_DEPRECATED_OBJC_IMPLEMENTATIONS = YES;
				CLANG_WARN_DIRECT_OBJC_ISA_USAGE = YES_ERROR;
				CLANG_WARN_DOCUMENTATION_COMMENTS = YES;
				CLANG_WARN_EMPTY_BODY = YES;
				CLANG_WARN_ENUM_CONVERSION = YES;
				CLANG_WARN_INFINITE_RECURSION = YES;
				CLANG_WARN_INT_CONVERSION = YES;
				CLANG_WARN_NON_LITERAL_NULL_CONVERSION = YES;
				CLANG_WARN_OBJC_IMPLICIT_RETAIN_SELF = YES;
				CLANG_WARN_OBJC_LITERAL_CONVERSION = YES;
				CLANG_WARN_OBJC_ROOT_CLASS = YES_ERROR;
				CLANG_WARN_QUOTED_INCLUDE_IN_FRAMEWORK_HEADER = YES;
				CLANG_WARN_RANGE_LOOP_ANALYSIS = YES;
				CLANG_WARN_STRICT_PROTOTYPES = YES;
				CLANG_WARN_SUSPICIOUS_MOVE = YES;
				CLANG_WARN_UNGUARDED_AVAILABILITY = YES_AGGRESSIVE;
				CLANG_WARN_UNREACHABLE_CODE = YES;
				CLANG_WARN__DUPLICATE_METHOD_MATCH = YES;
				COPY_PHASE_STRIP = NO;
				DEBUG_INFORMATION_FORMAT = dwarf;
				ENABLE_STRICT_OBJC_MSGSEND = YES;
				ENABLE_TESTABILITY = YES;
				GCC_C_LANGUAGE_STANDARD = gnu11;
				GCC_DYNAMIC_NO_PIC = NO;
				GCC_NO_COMMON_BLOCKS = YES;
				GCC_OPTIMIZATION_LEVEL = 0;
				GCC_PREPROCESSOR_DEFINITIONS = (
					"$(inherited)",
					"DEBUG=1",
				);
				GCC_WARN_64_TO_32_BIT_CONVERSION = YES;
				GCC_WARN_ABOUT_RETURN_TYPE = YES_ERROR;
				GCC_WARN_UNDECLARED_SELECTOR = YES;
				GCC_WARN_UNINITIALIZED_AUTOS = YES_AGGRESSIVE;
				GCC_WARN_UNUSED_FUNCTION = YES;
				GCC_WARN_UNUSED_VARIABLE = YES;
				MACOSX_DEPLOYMENT_TARGET = 14.0;
				MTL_ENABLE_DEBUG_INFO = INCLUDE_SOURCE;
				MTL_FAST_MATH = YES;
				ONLY_ACTIVE_ARCH = YES;
				PRODUCT_NAME = "$(TARGET_NAME)";
				SDKROOT = macosx;
				SWIFT_ACTIVE_COMPILATION_CONDITIONS = DEBUG;
				SWIFT_OPTIMIZATION_LEVEL = "-Onone";
				SWIFT_STRICT_CONCURRENCY = targeted;
				SWIFT_VERSION = 6.0;
			};
			name = Debug;
		};
		CD1FE848F6F6A94BB7A282FE /* Debug */ = {
			isa = XCBuildConfiguration;
			buildSettings = {
				ASSETCATALOG_COMPILER_APPICON_NAME = AppIcon;
				CODE_SIGN_ENTITLEMENTS = Qasim/Qasim.entitlements;
				CODE_SIGN_STYLE = Automatic;
				COMBINE_HIDPI_IMAGES = YES;
				DEVELOPMENT_TEAM = 7756PBXM2X;
				ENABLE_HARDENED_RUNTIME = YES;
				GENERATE_INFOPLIST_FILE = NO;
				INFOPLIST_FILE = Qasim/Info.plist;
				LD_RUNPATH_SEARCH_PATHS = (
					"$(inherited)",
					"@executable_path/../Frameworks",
				);
				PRODUCT_BUNDLE_IDENTIFIER = computer.qasim.app;
				PRODUCT_NAME = Qasim;
				SDKROOT = macosx;
			};
			name = Debug;
		};
/* End XCBuildConfiguration section */

/* Begin XCConfigurationList section */
		2F95FBB64D59539FF4CDB996 /* Build configuration list for PBXProject "Qasim" */ = {
			isa = XCConfigurationList;
			buildConfigurations = (
				BAF9AFF1ACE8D1F434F97D24 /* Debug */,
				33DD130D9FFB62AC4C73FE33 /* Release */,
			);
			defaultConfigurationIsVisible = 0;
			defaultConfigurationName = Debug;
		};
		569F794AF36B1E1070688C53 /* Build configuration list for PBXNativeTarget "Qasim" */ = {
			isa = XCConfigurationList;
			buildConfigurations = (
				CD1FE848F6F6A94BB7A282FE /* Debug */,
				489B87A35C7E07534DAC4DDA /* Release */,
			);
			defaultConfigurationIsVisible = 0;
			defaultConfigurationName = Debug;
		};
/* End XCConfigurationList section */

/* Begin XCRemoteSwiftPackageReference section */
		E0DD4F54248C1A039E0F4125 /* XCRemoteSwiftPackageReference "Sparkle" */ = {
			isa = XCRemoteSwiftPackageReference;
			repositoryURL = "https://github.com/sparkle-project/Sparkle";
			requirement = {
				kind = upToNextMajorVersion;
				minimumVersion = 2.9.5;
			};
		};
/* End XCRemoteSwiftPackageReference section */

/* Begin XCSwiftPackageProductDependency section */
		9F1A8B46308B038C4DFF6DE7 /* Sparkle */ = {
			isa = XCSwiftPackageProductDependency;
			package = E0DD4F54248C1A039E0F4125 /* XCRemoteSwiftPackageReference "Sparkle" */;
			productName = Sparkle;
		};
/* End XCSwiftPackageProductDependency section */
	};
	rootObject = 332E5BCCD988D0863D785CE0 /* Project object */;
}
